
Microsoft Visual Studio Solution File, Format Version 12.00
# Visual Studio Version 17
VisualStudioVersion = 17.3.32929.385
MinimumVisualStudioVersion = 10.0.40219.1
Project("{9A19103F-16F7-4668-BE54-9A1E7A4F7556}") = "CSharpBasics", "CSharpBasics\CSharpBasics.csproj", "{6A513AE5-38D1-486B-94C5-3E3598D8445D}"
EndProject
Project("{9A19103F-16F7-4668-BE54-9A1E7A4F7556}") = "CSharpBasics3", "CSharpBasics3\CSharpBasics3.csproj", "{8AB6DCF1-A29A-4FAA-B808-96FDF133BB0C}"
EndProject
Project("{9A19103F-16F7-4668-BE54-9A1E7A4F7556}") = "CSharpOOP", "CSharpOOP\CSharpOOP.csproj", "{FC2266DE-C490-4A81-969B-A9E879C2E683}"
EndProject
Project("{9A19103F-16F7-4668-BE54-9A1E7A4F7556}") = "CSharpOOP2", "CSharpOOP2\CSharpOOP2.csproj", "{5937E9A0-85CB-4C59-AD17-2E94056F3A8C}"
EndProject
Project("{9A19103F-16F7-4668-BE54-9A1E7A4F7556}") = "CSharpOOP3", "CSharpOOP3\CSharpOOP3.csproj", "{B7A6594C-D11F-479C-9073-102F9E7BDBAD}"
EndProject
Project("{9A19103F-16F7-4668-BE54-9A1E7A4F7556}") = "CSharpLinq", "CSharpLinq\CSharpLinq.csproj", "{A037FA74-C17B-4157-9B79-5F7BBE922229}"
EndProject
Project("{9A19103F-16F7-4668-BE54-9A1E7A4F7556}") = "CSharpCollections1", "CSharpCollections1\CSharpCollections1.csproj", "{DD6CB6DB-A4F3-4D21-838B-B419FB0A036C}"
EndProject
Global
	GlobalSection(SolutionConfigurationPlatforms) = preSolution
		Debug|Any CPU = Debug|Any CPU
		Release|Any CPU = Release|Any CPU
	EndGlobalSection
	GlobalSection(ProjectConfigurationPlatforms) = postSolution
		{6A513AE5-38D1-486B-94C5-3E3598D8445D}.Debug|Any CPU.ActiveCfg = Debug|Any CPU
		{6A513AE5-38D1-486B-94C5-3E3598D8445D}.Debug|Any CPU.Build.0 = Debug|Any CPU
		{6A513AE5-38D1-486B-94C5-3E3598D8445D}.Release|Any CPU.ActiveCfg = Release|Any CPU
		{6A513AE5-38D1-486B-94C5-3E3598D8445D}.Release|Any CPU.Build.0 = Release|Any CPU
		{8AB6DCF1-A29A-4FAA-B808-96FDF133BB0C}.Debug|Any CPU.ActiveCfg = Debug|Any CPU
		{8AB6DCF1-A29A-4FAA-B808-96FDF133BB0C}.Debug|Any CPU.Build.0 = Debug|Any CPU
		{8AB6DCF1-A29A-4FAA-B808-96FDF133BB0C}.Release|Any CPU.ActiveCfg = Release|Any CPU
		{8AB6DCF1-A29A-4FAA-B808-96FDF133BB0C}.Release|Any CPU.Build.0 = Release|Any CPU
		{FC2266DE-C490-4A81-969B-A9E879C2E683}.Debug|Any CPU.ActiveCfg = Debug|Any CPU
		{FC2266DE-C490-4A81-969B-A9E879C2E683}.Debug|Any CPU.Build.0 = Debug|Any CPU
		{FC2266DE-C490-4A81-969B-A9E879C2E683}.Release|Any CPU.ActiveCfg = Release|Any CPU
		{FC2266DE-C490-4A81-969B-A9E879C2E683}.Release|Any CPU.Build.0 = Release|Any CPU
		{5937E9A0-85CB-4C59-AD17-2E94056F3A8C}.Debug|Any CPU.ActiveCfg = Debug|Any CPU
		{5937E9A0-85CB-4C59-AD17-2E94056F3A8C}.Debug|Any CPU.Build.0 = Debug|Any CPU
		{5937E9A0-85CB-4C59-AD17-2E94056F3A8C}.Release|Any CPU.ActiveCfg = Release|Any CPU
		{5937E9A0-85CB-4C59-AD17-2E94056F3A8C}.Release|Any CPU.Build.0 = Release|Any CPU
		{B7A6594C-D11F-479C-9073-102F9E7BDBAD}.Debug|Any CPU.ActiveCfg = Debug|Any CPU
		{B7A6594C-D11F-479C-9073-102F9E7BDBAD}.Debug|Any CPU.Build.0 = Debug|Any CPU
		{B7A6594C-D11F-479C-9073-102F9E7BDBAD}.Release|Any CPU.ActiveCfg = Release|Any CPU
		{B7A6594C-D11F-479C-9073-102F9E7BDBAD}.Release|Any CPU.Build.0 = Release|Any CPU
		{A037FA74-C17B-4157-9B79-5F7BBE922229}.Debug|Any CPU.ActiveCfg = Debug|Any CPU
		{A037FA74-C17B-4157-9B79-5F7BBE922229}.Debug|Any CPU.Build.0 = Debug|Any CPU
		{A037FA74-C17B-4157-9B79-5F7BBE922229}.Release|Any CPU.ActiveCfg = Release|Any CPU
		{A037FA74-C17B-4157-9B79-5F7BBE922229}.Release|Any CPU.Build.0 = Release|Any CPU
		{DD6CB6DB-A4F3-4D21-838B-B419FB0A036C}.Debug|Any CPU.ActiveCfg = Debug|Any CPU
		{DD6CB6DB-A4F3-4D21-838B-B419FB0A036C}.Debug|Any CPU.Build.0 = Debug|Any CPU
		{DD6CB6DB-A4F3-4D21-838B-B419FB0A036C}.Release|Any CPU.ActiveCfg = Release|Any CPU
		{DD6CB6DB-A4F3-4D21-838B-B419FB0A036C}.Release|Any CPU.Build.0 = Release|Any CPU
	EndGlobalSection
	GlobalSection(SolutionProperties) = preSolution
		HideSolutionNode = FALSE
	EndGlobalSection
	GlobalSection(ExtensibilityGlobals) = postSolution
		SolutionGuid = {120105A4-BC1B-435F-8D45-06A8666C26A3}
	EndGlobalSection
EndGlobal
