
Microsoft Visual Studio Solution File, Format Version 12.00
# Visual Studio Version 17
VisualStudioVersion = 17.3.32929.385
MinimumVisualStudioVersion = 10.0.40219.1
Project("{FAE04EC0-301F-11D3-BF4B-00C04F79EFBC}") = "AT_C_Penkrat_Luda", "AT_C_Penkrat_Luda\AT_C_Penkrat_Luda.csproj", "{A2550383-42A6-4DA1-B27C-777FB535429F}"
EndProject
Global
	GlobalSection(SolutionConfigurationPlatforms) = preSolution
		Debug|Any CPU = Debug|Any CPU
		Release|Any CPU = Release|Any CPU
	EndGlobalSection
	GlobalSection(ProjectConfigurationPlatforms) = postSolution
		{A2550383-42A6-4DA1-B27C-777FB535429F}.Debug|Any CPU.ActiveCfg = Debug|Any CPU
		{A2550383-42A6-4DA1-B27C-777FB535429F}.Debug|Any CPU.Build.0 = Debug|Any CPU
		{A2550383-42A6-4DA1-B27C-777FB535429F}.Release|Any CPU.ActiveCfg = Release|Any CPU
		{A2550383-42A6-4DA1-B27C-777FB535429F}.Release|Any CPU.Build.0 = Release|Any CPU
	EndGlobalSection
	GlobalSection(SolutionProperties) = preSolution
		HideSolutionNode = FALSE
	EndGlobalSection
	GlobalSection(ExtensibilityGlobals) = postSolution
		SolutionGuid = {BD4B52B5-8042-42CB-B684-3C8C9E6AA24C}
	EndGlobalSection
EndGlobal
